
Microsoft Visual Studio Solution File, Format Version 11.00
# Visual Studio 2010
Project("{8BC9CEB8-8B4A-11D0-8D11-00A0C91BC942}") = "Cau_3", "Cau_3\Cau_3.vcxproj", "{7D03D287-19A5-4F69-AD96-AF5A9EEEA17A}"
EndProject
Global
	GlobalSection(SolutionConfigurationPlatforms) = preSolution
		Debug|Win32 = Debug|Win32
		Release|Win32 = Release|Win32
	EndGlobalSection
	GlobalSection(ProjectConfigurationPlatforms) = postSolution
		{7D03D287-19A5-4F69-AD96-AF5A9EEEA17A}.Debug|Win32.ActiveCfg = Debug|Win32
		{7D03D287-19A5-4F69-AD96-AF5A9EEEA17A}.Debug|Win32.Build.0 = Debug|Win32
		{7D03D287-19A5-4F69-AD96-AF5A9EEEA17A}.Release|Win32.ActiveCfg = Release|Win32
		{7D03D287-19A5-4F69-AD96-AF5A9EEEA17A}.Release|Win32.Build.0 = Release|Win32
	EndGlobalSection
	GlobalSection(SolutionProperties) = preSolution
		HideSolutionNode = FALSE
	EndGlobalSection
EndGlobal
