<?xml version="1.0" encoding="utf-8"?>
<Project ToolsVersion="4.0" xmlns="http://schemas.microsoft.com/developer/msbuild/2003">
  <ItemGroup>
    <Filter Include="Resource Files">
      <UniqueIdentifier>{67DA6AB6-F800-4c08-8B7A-83BB121AAD01}</UniqueIdentifier>
      <Extensions>rc;ico;cur;bmp;dlg;rc2;rct;bin;rgs;gif;jpg;jpeg;jpe;resx;tiff;tif;png;wav;mfcribbon-ms</Extensions>
    </Filter>
    <Filter Include="FrameWork">
      <UniqueIdentifier>{4082bdfb-5745-4916-8403-58be6d981bce}</UniqueIdentifier>
    </Filter>
    <Filter Include="Game">
      <UniqueIdentifier>{0bc8853f-ee62-4ad8-8a4b-26768f8846b3}</UniqueIdentifier>
    </Filter>
    <Filter Include="GameObject">
      <UniqueIdentifier>{150adc49-ab0d-4f55-9149-fe845eb888fa}</UniqueIdentifier>
    </Filter>
    <Filter Include="Background">
      <UniqueIdentifier>{5cf80063-82e1-4568-b02b-82b482942c86}</UniqueIdentifier>
    </Filter>
    <Filter Include="GameObject\Enemy">
      <UniqueIdentifier>{3e6023d4-0e01-4303-bac4-537c415898f5}</UniqueIdentifier>
    </Filter>
    <Filter Include="GameObject\Simon">
      <UniqueIdentifier>{7877fc55-1366-4505-a04f-87f170f2e857}</UniqueIdentifier>
    </Filter>
    <Filter Include="GameObject\Ground">
      <UniqueIdentifier>{e1b7c8cf-6f3f-4683-b0cf-ff5affb83f65}</UniqueIdentifier>
    </Filter>
    <Filter Include="GameObject\QGameObject">
      <UniqueIdentifier>{d1df3b94-2b90-455a-8c27-05df22a6f1ab}</UniqueIdentifier>
    </Filter>
    <Filter Include="GameObject\Weapon">
      <UniqueIdentifier>{a96afa5c-94d3-4109-8aed-63675c03c123}</UniqueIdentifier>
    </Filter>
    <Filter Include="LKLibrary">
      <UniqueIdentifier>{77c0114d-c659-480f-985a-9a25a519136b}</UniqueIdentifier>
    </Filter>
    <Filter Include="GameObject\Item">
      <UniqueIdentifier>{9619f75b-ee03-4797-a1d1-e25b795bc223}</UniqueIdentifier>
    </Filter>
    <Filter Include="GameObject\EndBoss">
      <UniqueIdentifier>{cff5537f-fd6f-4c04-afcd-22c3a41e31ac}</UniqueIdentifier>
    </Filter>
    <Filter Include="GameObject\Other">
      <UniqueIdentifier>{c7709d21-841f-499f-891a-b843e5eab0f7}</UniqueIdentifier>
    </Filter>
    <Filter Include="WinMain">
      <UniqueIdentifier>{7d39dec8-7f8e-4e9d-b091-d005312c5909}</UniqueIdentifier>
    </Filter>
    <Filter Include="Utils">
      <UniqueIdentifier>{3d0a8537-6548-4bd1-93da-06d3e265d92e}</UniqueIdentifier>
    </Filter>
    <Filter Include="FrameWork\Sound">
      <UniqueIdentifier>{7205ba17-0871-44b5-a9a8-84c298ad8cdf}</UniqueIdentifier>
    </Filter>
    <Filter Include="Manager">
      <UniqueIdentifier>{240203ba-7758-4e49-bcd8-4471d7b7c984}</UniqueIdentifier>
    </Filter>
    <Filter Include="Other">
      <UniqueIdentifier>{138bdfde-e9e5-4b3e-98b2-d6e803dd564c}</UniqueIdentifier>
    </Filter>
    <Filter Include="Game\Scene">
      <UniqueIdentifier>{baa210e7-3ac1-444c-9b78-0cd977868571}</UniqueIdentifier>
    </Filter>
    <Filter Include="FrameWork\Camera">
      <UniqueIdentifier>{20a531ec-1814-4bef-924c-4cb850fc992a}</UniqueIdentifier>
    </Filter>
    <Filter Include="FrameWork\Text">
      <UniqueIdentifier>{984c8032-2a72-42c8-a252-91951acb764e}</UniqueIdentifier>
    </Filter>
  </ItemGroup>
  <ItemGroup>
    <ClCompile Include="Game.cpp">
      <Filter>Game</Filter>
    </ClCompile>
    <ClCompile Include="CTexture.cpp">
      <Filter>FrameWork</Filter>
    </ClCompile>
    <ClCompile Include="CSprite.cpp">
      <Filter>FrameWork</Filter>
    </ClCompile>
    <ClCompile Include="GameObject.cpp">
      <Filter>GameObject</Filter>
    </ClCompile>
    <ClCompile Include="Tile.cpp">
      <Filter>Background</Filter>
    </ClCompile>
    <ClCompile Include="DynamicObject.cpp">
      <Filter>GameObject</Filter>
    </ClCompile>
    <ClCompile Include="Zombie.cpp">
      <Filter>GameObject\Enemy</Filter>
    </ClCompile>
    <ClCompile Include="BlackLeopard.cpp">
      <Filter>GameObject\Enemy</Filter>
    </ClCompile>
    <ClCompile Include="Medusa.cpp">
      <Filter>GameObject\Enemy</Filter>
    </ClCompile>
    <ClCompile Include="VampireBat.cpp">
      <Filter>GameObject\Enemy</Filter>
    </ClCompile>
    <ClCompile Include="QNode.cpp">
      <Filter>Background</Filter>
    </ClCompile>
    <ClCompile Include="QBackground.cpp">
      <Filter>Background</Filter>
    </ClCompile>
    <ClCompile Include="Simon.cpp">
      <Filter>GameObject\Simon</Filter>
    </ClCompile>
    <ClCompile Include="Brick.cpp">
      <Filter>GameObject\Ground</Filter>
    </ClCompile>
    <ClCompile Include="Candle.cpp">
      <Filter>GameObject\Ground</Filter>
    </ClCompile>
    <ClCompile Include="LargeCandle.cpp">
      <Filter>GameObject\Ground</Filter>
    </ClCompile>
    <ClCompile Include="QGameObject.cpp">
      <Filter>GameObject\QGameObject</Filter>
    </ClCompile>
    <ClCompile Include="MorningStar.cpp">
      <Filter>GameObject\Weapon</Filter>
    </ClCompile>
    <ClCompile Include="LKRect.cpp">
      <Filter>LKLibrary</Filter>
    </ClCompile>
    <ClCompile Include="PhantomBat.cpp">
      <Filter>GameObject\EndBoss</Filter>
    </ClCompile>
    <ClCompile Include="QueenMedusa.cpp">
      <Filter>GameObject\EndBoss</Filter>
    </ClCompile>
    <ClCompile Include="MagicalCrystal.cpp">
      <Filter>GameObject\Item</Filter>
    </ClCompile>
    <ClCompile Include="FireDie.cpp">
      <Filter>GameObject\Item</Filter>
    </ClCompile>
    <ClCompile Include="FishMan.cpp">
      <Filter>GameObject\Enemy</Filter>
    </ClCompile>
    <ClCompile Include="Water.cpp">
      <Filter>GameObject\Other</Filter>
    </ClCompile>
    <ClCompile Include="ThreeWater.cpp">
      <Filter>GameObject\Other</Filter>
    </ClCompile>
    <ClCompile Include="Door.cpp">
      <Filter>GameObject\Ground</Filter>
    </ClCompile>
    <ClCompile Include="Dagger.cpp">
      <Filter>GameObject\Weapon</Filter>
    </ClCompile>
    <ClCompile Include="Weapon.cpp">
      <Filter>GameObject\Weapon</Filter>
    </ClCompile>
    <ClCompile Include="Boomerang.cpp">
      <Filter>GameObject\Weapon</Filter>
    </ClCompile>
    <ClCompile Include="Utils.cpp">
      <Filter>Utils</Filter>
    </ClCompile>
    <ClCompile Include="Global.cpp">
      <Filter>Utils</Filter>
    </ClCompile>
    <ClCompile Include="main.cpp">
      <Filter>WinMain</Filter>
    </ClCompile>
    <ClCompile Include="FireBomb.cpp">
      <Filter>GameObject\Weapon</Filter>
    </ClCompile>
    <ClCompile Include="Stair.cpp">
      <Filter>GameObject\Ground</Filter>
    </ClCompile>
    <ClCompile Include="Axe.cpp">
      <Filter>GameObject\Weapon</Filter>
    </ClCompile>
    <ClCompile Include="BlackKnight.cpp">
      <Filter>GameObject\Enemy</Filter>
    </ClCompile>
    <ClCompile Include="DragonSkullCannon.cpp">
      <Filter>GameObject\Enemy</Filter>
    </ClCompile>
    <ClCompile Include="MovingPlatform.cpp">
      <Filter>GameObject\Ground</Filter>
    </ClCompile>
    <ClCompile Include="dsutil.cpp">
      <Filter>FrameWork\Sound</Filter>
    </ClCompile>
    <ClCompile Include="CAudio.cpp">
      <Filter>FrameWork\Sound</Filter>
    </ClCompile>
    <ClCompile Include="Singleton.cpp">
      <Filter>Manager</Filter>
    </ClCompile>
    <ClCompile Include="SoundManager.cpp">
      <Filter>Manager</Filter>
    </ClCompile>
    <ClCompile Include="MorningStarSprite.cpp">
      <Filter>Other</Filter>
    </ClCompile>
    <ClCompile Include="FireBall.cpp">
      <Filter>GameObject\Other</Filter>
    </ClCompile>
    <ClCompile Include="LittleSnake.cpp">
      <Filter>GameObject\EndBoss</Filter>
    </ClCompile>
    <ClCompile Include="StupidDoor.cpp">
      <Filter>GameObject\Ground</Filter>
    </ClCompile>
    <ClCompile Include="SceneMain.cpp">
      <Filter>Game</Filter>
    </ClCompile>
    <ClCompile Include="Scene.cpp">
      <Filter>Game\Scene</Filter>
    </ClCompile>
    <ClCompile Include="SceneMenu.cpp">
      <Filter>Game\Scene</Filter>
    </ClCompile>
    <ClCompile Include="SceneGame.cpp">
      <Filter>Game\Scene</Filter>
    </ClCompile>
    <ClCompile Include="IntroGame.cpp">
      <Filter>Game\Scene</Filter>
    </ClCompile>
    <ClCompile Include="CastleGate.cpp">
      <Filter>GameObject\Ground</Filter>
    </ClCompile>
    <ClCompile Include="OpenDoor.cpp">
      <Filter>GameObject\Ground</Filter>
    </ClCompile>
    <ClCompile Include="Font.cpp">
      <Filter>FrameWork\Text</Filter>
    </ClCompile>
    <ClCompile Include="CCamera.cpp">
      <Filter>FrameWork\Camera</Filter>
    </ClCompile>
    <ClCompile Include="GameScore.cpp">
      <Filter>Game</Filter>
    </ClCompile>
    <ClCompile Include="EndGameScene.cpp">
      <Filter>Game\Scene</Filter>
    </ClCompile>
    <ClCompile Include="FallingCastle.cpp">
      <Filter>Game\Scene</Filter>
    </ClCompile>
    <ClCompile Include="Lake.cpp">
      <Filter>GameObject\Ground</Filter>
    </ClCompile>
  </ItemGroup>
  <ItemGroup>
    <ClInclude Include="SweptAABB.h">
      <Filter>FrameWork</Filter>
    </ClInclude>
    <ClInclude Include="Game.h">
      <Filter>Game</Filter>
    </ClInclude>
    <ClInclude Include="CTexture.h">
      <Filter>FrameWork</Filter>
    </ClInclude>
    <ClInclude Include="CSprite.h">
      <Filter>FrameWork</Filter>
    </ClInclude>
    <ClInclude Include="GameObject.h">
      <Filter>GameObject</Filter>
    </ClInclude>
    <ClInclude Include="Tile.h">
      <Filter>Background</Filter>
    </ClInclude>
    <ClInclude Include="DynamicObject.h">
      <Filter>GameObject</Filter>
    </ClInclude>
    <ClInclude Include="Zombie.h">
      <Filter>GameObject\Enemy</Filter>
    </ClInclude>
    <ClInclude Include="BlackLeopard.h">
      <Filter>GameObject\Enemy</Filter>
    </ClInclude>
    <ClInclude Include="Medusa.h">
      <Filter>GameObject\Enemy</Filter>
    </ClInclude>
    <ClInclude Include="VampireBat.h">
      <Filter>GameObject\Enemy</Filter>
    </ClInclude>
    <ClInclude Include="QNode.h">
      <Filter>Background</Filter>
    </ClInclude>
    <ClInclude Include="QBackground.h">
      <Filter>Background</Filter>
    </ClInclude>
    <ClInclude Include="Simon.h">
      <Filter>GameObject\Simon</Filter>
    </ClInclude>
    <ClInclude Include="Brick.h">
      <Filter>GameObject\Ground</Filter>
    </ClInclude>
    <ClInclude Include="Candle.h">
      <Filter>GameObject\Ground</Filter>
    </ClInclude>
    <ClInclude Include="LargeCandle.h">
      <Filter>GameObject\Ground</Filter>
    </ClInclude>
    <ClInclude Include="QGameObject.h">
      <Filter>GameObject\QGameObject</Filter>
    </ClInclude>
    <ClInclude Include="MorningStar.h">
      <Filter>GameObject\Weapon</Filter>
    </ClInclude>
    <ClInclude Include="LKRect.h">
      <Filter>LKLibrary</Filter>
    </ClInclude>
    <ClInclude Include="PhantomBat.h">
      <Filter>GameObject\EndBoss</Filter>
    </ClInclude>
    <ClInclude Include="QueenMedusa.h">
      <Filter>GameObject\EndBoss</Filter>
    </ClInclude>
    <ClInclude Include="MagicalCrystal.h">
      <Filter>GameObject\Item</Filter>
    </ClInclude>
    <ClInclude Include="FireDie.h">
      <Filter>GameObject\Item</Filter>
    </ClInclude>
    <ClInclude Include="FishMan.h">
      <Filter>GameObject\Enemy</Filter>
    </ClInclude>
    <ClInclude Include="Water.h">
      <Filter>GameObject\Other</Filter>
    </ClInclude>
    <ClInclude Include="ThreeWater.h">
      <Filter>GameObject\Other</Filter>
    </ClInclude>
    <ClInclude Include="Door.h">
      <Filter>GameObject\Ground</Filter>
    </ClInclude>
    <ClInclude Include="Dagger.h">
      <Filter>GameObject\Weapon</Filter>
    </ClInclude>
    <ClInclude Include="Weapon.h">
      <Filter>GameObject\Weapon</Filter>
    </ClInclude>
    <ClInclude Include="Boomerang.h">
      <Filter>GameObject\Weapon</Filter>
    </ClInclude>
    <ClInclude Include="HeaderObj.h">
      <Filter>Utils</Filter>
    </ClInclude>
    <ClInclude Include="CEnum.h">
      <Filter>Utils</Filter>
    </ClInclude>
    <ClInclude Include="Utils.h">
      <Filter>Utils</Filter>
    </ClInclude>
    <ClInclude Include="Global.h">
      <Filter>Utils</Filter>
    </ClInclude>
    <ClInclude Include="FireBomb.h">
      <Filter>GameObject\Weapon</Filter>
    </ClInclude>
    <ClInclude Include="Stair.h">
      <Filter>GameObject\Ground</Filter>
    </ClInclude>
    <ClInclude Include="Axe.h">
      <Filter>GameObject\Weapon</Filter>
    </ClInclude>
    <ClInclude Include="BlackKnight.h">
      <Filter>GameObject\Enemy</Filter>
    </ClInclude>
    <ClInclude Include="DragonSkullCannon.h">
      <Filter>GameObject\Enemy</Filter>
    </ClInclude>
    <ClInclude Include="MovingPlatform.h">
      <Filter>GameObject\Ground</Filter>
    </ClInclude>
    <ClInclude Include="dsutil.h">
      <Filter>FrameWork\Sound</Filter>
    </ClInclude>
    <ClInclude Include="dxutil.h">
      <Filter>FrameWork\Sound</Filter>
    </ClInclude>
    <ClInclude Include="CAudio.h">
      <Filter>FrameWork\Sound</Filter>
    </ClInclude>
    <ClInclude Include="SoundManager.h">
      <Filter>Manager</Filter>
    </ClInclude>
    <ClInclude Include="Singleton.h">
      <Filter>Manager</Filter>
    </ClInclude>
    <ClInclude Include="MorningStarSprite.h">
      <Filter>Other</Filter>
    </ClInclude>
    <ClInclude Include="FireBall.h">
      <Filter>GameObject\Other</Filter>
    </ClInclude>
    <ClInclude Include="LittleSnake.h">
      <Filter>GameObject\EndBoss</Filter>
    </ClInclude>
    <ClInclude Include="StupidDoor.h">
      <Filter>GameObject\Ground</Filter>
    </ClInclude>
    <ClInclude Include="SceneMain.h">
      <Filter>Game</Filter>
    </ClInclude>
    <ClInclude Include="Scene.h">
      <Filter>Game\Scene</Filter>
    </ClInclude>
    <ClInclude Include="SceneMenu.h">
      <Filter>Game\Scene</Filter>
    </ClInclude>
    <ClInclude Include="SceneGame.h">
      <Filter>Game\Scene</Filter>
    </ClInclude>
    <ClInclude Include="IntroGame.h">
      <Filter>Game\Scene</Filter>
    </ClInclude>
    <ClInclude Include="CastleGate.h">
      <Filter>GameObject\Ground</Filter>
    </ClInclude>
    <ClInclude Include="OpenDoor.h">
      <Filter>GameObject\Ground</Filter>
    </ClInclude>
    <ClInclude Include="Font.h">
      <Filter>FrameWork\Text</Filter>
    </ClInclude>
    <ClInclude Include="CCamera.h">
      <Filter>FrameWork\Camera</Filter>
    </ClInclude>
    <ClInclude Include="GameScore.h">
      <Filter>Game</Filter>
    </ClInclude>
    <ClInclude Include="EndGameScene.h">
      <Filter>Game\Scene</Filter>
    </ClInclude>
    <ClInclude Include="FallingCastle.h">
      <Filter>Game\Scene</Filter>
    </ClInclude>
    <ClInclude Include="Lake.h">
      <Filter>GameObject\Ground</Filter>
    </ClInclude>
  </ItemGroup>
</Project>