
Microsoft Visual Studio Solution File, Format Version 12.00
# Visual Studio 14
VisualStudioVersion = 14.0.23107.0
MinimumVisualStudioVersion = 10.0.40219.1
Project("{FAE04EC0-301F-11D3-BF4B-00C04F79EFBC}") = "QuanLyCuaHangLinhKienMayTinh", "QuanLyCuaHangLinhKienMayTinh\QuanLyCuaHangLinhKienMayTinh.csproj", "{C0177502-4DD8-45DC-979B-EA2177B7E02E}"
EndProject
Project("{FAE04EC0-301F-11D3-BF4B-00C04F79EFBC}") = "DAL", "DAL\DAL.csproj", "{E54230B6-27A0-4F5B-897A-13CB0E74CD49}"
EndProject
Project("{FAE04EC0-301F-11D3-BF4B-00C04F79EFBC}") = "BLL", "BLL\BLL.csproj", "{D08ADFD6-3744-45D8-9EB6-E544D2A374AE}"
EndProject
Project("{FAE04EC0-301F-11D3-BF4B-00C04F79EFBC}") = "DTO", "DTO\DTO.csproj", "{3B7150D3-8B40-4913-A77A-E0BE6BC7FBE0}"
EndProject
Project("{FAE04EC0-301F-11D3-BF4B-00C04F79EFBC}") = "CommonLayer", "CommonLayer\CommonLayer.csproj", "{842849B1-CD5B-4224-B77D-0022C25379EC}"
EndProject
Global
	GlobalSection(SolutionConfigurationPlatforms) = preSolution
		Debug|Any CPU = Debug|Any CPU
		Release|Any CPU = Release|Any CPU
	EndGlobalSection
	GlobalSection(ProjectConfigurationPlatforms) = postSolution
		{C0177502-4DD8-45DC-979B-EA2177B7E02E}.Debug|Any CPU.ActiveCfg = Debug|Any CPU
		{C0177502-4DD8-45DC-979B-EA2177B7E02E}.Debug|Any CPU.Build.0 = Debug|Any CPU
		{C0177502-4DD8-45DC-979B-EA2177B7E02E}.Release|Any CPU.ActiveCfg = Release|Any CPU
		{C0177502-4DD8-45DC-979B-EA2177B7E02E}.Release|Any CPU.Build.0 = Release|Any CPU
		{E54230B6-27A0-4F5B-897A-13CB0E74CD49}.Debug|Any CPU.ActiveCfg = Debug|Any CPU
		{E54230B6-27A0-4F5B-897A-13CB0E74CD49}.Debug|Any CPU.Build.0 = Debug|Any CPU
		{E54230B6-27A0-4F5B-897A-13CB0E74CD49}.Release|Any CPU.ActiveCfg = Release|Any CPU
		{E54230B6-27A0-4F5B-897A-13CB0E74CD49}.Release|Any CPU.Build.0 = Release|Any CPU
		{D08ADFD6-3744-45D8-9EB6-E544D2A374AE}.Debug|Any CPU.ActiveCfg = Debug|Any CPU
		{D08ADFD6-3744-45D8-9EB6-E544D2A374AE}.Debug|Any CPU.Build.0 = Debug|Any CPU
		{D08ADFD6-3744-45D8-9EB6-E544D2A374AE}.Release|Any CPU.ActiveCfg = Release|Any CPU
		{D08ADFD6-3744-45D8-9EB6-E544D2A374AE}.Release|Any CPU.Build.0 = Release|Any CPU
		{3B7150D3-8B40-4913-A77A-E0BE6BC7FBE0}.Debug|Any CPU.ActiveCfg = Debug|Any CPU
		{3B7150D3-8B40-4913-A77A-E0BE6BC7FBE0}.Debug|Any CPU.Build.0 = Debug|Any CPU
		{3B7150D3-8B40-4913-A77A-E0BE6BC7FBE0}.Release|Any CPU.ActiveCfg = Release|Any CPU
		{3B7150D3-8B40-4913-A77A-E0BE6BC7FBE0}.Release|Any CPU.Build.0 = Release|Any CPU
		{842849B1-CD5B-4224-B77D-0022C25379EC}.Debug|Any CPU.ActiveCfg = Debug|Any CPU
		{842849B1-CD5B-4224-B77D-0022C25379EC}.Debug|Any CPU.Build.0 = Debug|Any CPU
		{842849B1-CD5B-4224-B77D-0022C25379EC}.Release|Any CPU.ActiveCfg = Release|Any CPU
		{842849B1-CD5B-4224-B77D-0022C25379EC}.Release|Any CPU.Build.0 = Release|Any CPU
	EndGlobalSection
	GlobalSection(SolutionProperties) = preSolution
		HideSolutionNode = FALSE
	EndGlobalSection
EndGlobal
