
Microsoft Visual Studio Solution File, Format Version 10.00
# Visual Studio 2008
Project("{FAE04EC0-301F-11D3-BF4B-00C04F79EFBC}") = "ClientTestOneWay", "ClientTestOneWay\ClientTestOneWay.csproj", "{96233AE8-08AB-4B95-8A4F-2CC5AD1A8DBC}"
EndProject
Global
	GlobalSection(SolutionConfigurationPlatforms) = preSolution
		Debug|Any CPU = Debug|Any CPU
		Release|Any CPU = Release|Any CPU
	EndGlobalSection
	GlobalSection(ProjectConfigurationPlatforms) = postSolution
		{96233AE8-08AB-4B95-8A4F-2CC5AD1A8DBC}.Debug|Any CPU.ActiveCfg = Debug|Any CPU
		{96233AE8-08AB-4B95-8A4F-2CC5AD1A8DBC}.Debug|Any CPU.Build.0 = Debug|Any CPU
		{96233AE8-08AB-4B95-8A4F-2CC5AD1A8DBC}.Release|Any CPU.ActiveCfg = Release|Any CPU
		{96233AE8-08AB-4B95-8A4F-2CC5AD1A8DBC}.Release|Any CPU.Build.0 = Release|Any CPU
	EndGlobalSection
	GlobalSection(SolutionProperties) = preSolution
		HideSolutionNode = FALSE
	EndGlobalSection
EndGlobal
