
Microsoft Visual Studio Solution File, Format Version 12.00
# Visual Studio 2012
Project("{FAE04EC0-301F-11D3-BF4B-00C04F79EFBC}") = "QLDKINTERNET.BLL", "QLDKINTERNET.BLL\QLDKINTERNET.BLL.csproj", "{526CEB95-6AC2-48DF-8279-283140814446}"
EndProject
Project("{FAE04EC0-301F-11D3-BF4B-00C04F79EFBC}") = "QLDKINTERNET.Data", "QLDKINTERNET.Data\QLDKINTERNET.Data.csproj", "{FB54A7AC-5573-4D2F-91A0-8021257D5FEE}"
EndProject
Project("{FAE04EC0-301F-11D3-BF4B-00C04F79EFBC}") = "QLDKINTERNET.GUI", "QLDKINTERNET.GUI\QLDKINTERNET.GUI.csproj", "{F8F3EEDD-1779-4D2E-BCC8-D06FD7CD3BEF}"
EndProject
Project("{FAE04EC0-301F-11D3-BF4B-00C04F79EFBC}") = "QLDKINTERNET.Public", "QLDKINTERNET.Public\QLDKINTERNET.Public.csproj", "{B9BBED7D-30A4-4A79-A255-A001C3C18646}"
EndProject
Global
	GlobalSection(SolutionConfigurationPlatforms) = preSolution
		Debug|Any CPU = Debug|Any CPU
		Debug|Mixed Platforms = Debug|Mixed Platforms
		Debug|x86 = Debug|x86
		Release|Any CPU = Release|Any CPU
		Release|Mixed Platforms = Release|Mixed Platforms
		Release|x86 = Release|x86
	EndGlobalSection
	GlobalSection(ProjectConfigurationPlatforms) = postSolution
		{526CEB95-6AC2-48DF-8279-283140814446}.Debug|Any CPU.ActiveCfg = Debug|Any CPU
		{526CEB95-6AC2-48DF-8279-283140814446}.Debug|Any CPU.Build.0 = Debug|Any CPU
		{526CEB95-6AC2-48DF-8279-283140814446}.Debug|Mixed Platforms.ActiveCfg = Debug|Any CPU
		{526CEB95-6AC2-48DF-8279-283140814446}.Debug|Mixed Platforms.Build.0 = Debug|Any CPU
		{526CEB95-6AC2-48DF-8279-283140814446}.Debug|x86.ActiveCfg = Debug|Any CPU
		{526CEB95-6AC2-48DF-8279-283140814446}.Release|Any CPU.ActiveCfg = Release|Any CPU
		{526CEB95-6AC2-48DF-8279-283140814446}.Release|Any CPU.Build.0 = Release|Any CPU
		{526CEB95-6AC2-48DF-8279-283140814446}.Release|Mixed Platforms.ActiveCfg = Release|Any CPU
		{526CEB95-6AC2-48DF-8279-283140814446}.Release|Mixed Platforms.Build.0 = Release|Any CPU
		{526CEB95-6AC2-48DF-8279-283140814446}.Release|x86.ActiveCfg = Release|Any CPU
		{FB54A7AC-5573-4D2F-91A0-8021257D5FEE}.Debug|Any CPU.ActiveCfg = Debug|Any CPU
		{FB54A7AC-5573-4D2F-91A0-8021257D5FEE}.Debug|Any CPU.Build.0 = Debug|Any CPU
		{FB54A7AC-5573-4D2F-91A0-8021257D5FEE}.Debug|Mixed Platforms.ActiveCfg = Debug|Any CPU
		{FB54A7AC-5573-4D2F-91A0-8021257D5FEE}.Debug|Mixed Platforms.Build.0 = Debug|Any CPU
		{FB54A7AC-5573-4D2F-91A0-8021257D5FEE}.Debug|x86.ActiveCfg = Debug|Any CPU
		{FB54A7AC-5573-4D2F-91A0-8021257D5FEE}.Release|Any CPU.ActiveCfg = Release|Any CPU
		{FB54A7AC-5573-4D2F-91A0-8021257D5FEE}.Release|Any CPU.Build.0 = Release|Any CPU
		{FB54A7AC-5573-4D2F-91A0-8021257D5FEE}.Release|Mixed Platforms.ActiveCfg = Release|Any CPU
		{FB54A7AC-5573-4D2F-91A0-8021257D5FEE}.Release|Mixed Platforms.Build.0 = Release|Any CPU
		{FB54A7AC-5573-4D2F-91A0-8021257D5FEE}.Release|x86.ActiveCfg = Release|Any CPU
		{F8F3EEDD-1779-4D2E-BCC8-D06FD7CD3BEF}.Debug|Any CPU.ActiveCfg = Debug|Any CPU
		{F8F3EEDD-1779-4D2E-BCC8-D06FD7CD3BEF}.Debug|Any CPU.Build.0 = Debug|Any CPU
		{F8F3EEDD-1779-4D2E-BCC8-D06FD7CD3BEF}.Debug|Mixed Platforms.ActiveCfg = Debug|Any CPU
		{F8F3EEDD-1779-4D2E-BCC8-D06FD7CD3BEF}.Debug|Mixed Platforms.Build.0 = Debug|Any CPU
		{F8F3EEDD-1779-4D2E-BCC8-D06FD7CD3BEF}.Debug|x86.ActiveCfg = Debug|Any CPU
		{F8F3EEDD-1779-4D2E-BCC8-D06FD7CD3BEF}.Release|Any CPU.ActiveCfg = Release|Any CPU
		{F8F3EEDD-1779-4D2E-BCC8-D06FD7CD3BEF}.Release|Any CPU.Build.0 = Release|Any CPU
		{F8F3EEDD-1779-4D2E-BCC8-D06FD7CD3BEF}.Release|Mixed Platforms.ActiveCfg = Release|Any CPU
		{F8F3EEDD-1779-4D2E-BCC8-D06FD7CD3BEF}.Release|Mixed Platforms.Build.0 = Release|Any CPU
		{F8F3EEDD-1779-4D2E-BCC8-D06FD7CD3BEF}.Release|x86.ActiveCfg = Release|Any CPU
		{B9BBED7D-30A4-4A79-A255-A001C3C18646}.Debug|Any CPU.ActiveCfg = Debug|Any CPU
		{B9BBED7D-30A4-4A79-A255-A001C3C18646}.Debug|Any CPU.Build.0 = Debug|Any CPU
		{B9BBED7D-30A4-4A79-A255-A001C3C18646}.Debug|Mixed Platforms.ActiveCfg = Debug|Any CPU
		{B9BBED7D-30A4-4A79-A255-A001C3C18646}.Debug|Mixed Platforms.Build.0 = Debug|Any CPU
		{B9BBED7D-30A4-4A79-A255-A001C3C18646}.Debug|x86.ActiveCfg = Debug|Any CPU
		{B9BBED7D-30A4-4A79-A255-A001C3C18646}.Release|Any CPU.ActiveCfg = Release|Any CPU
		{B9BBED7D-30A4-4A79-A255-A001C3C18646}.Release|Any CPU.Build.0 = Release|Any CPU
		{B9BBED7D-30A4-4A79-A255-A001C3C18646}.Release|Mixed Platforms.ActiveCfg = Release|Any CPU
		{B9BBED7D-30A4-4A79-A255-A001C3C18646}.Release|Mixed Platforms.Build.0 = Release|Any CPU
		{B9BBED7D-30A4-4A79-A255-A001C3C18646}.Release|x86.ActiveCfg = Release|Any CPU
	EndGlobalSection
	GlobalSection(SolutionProperties) = preSolution
		HideSolutionNode = FALSE
	EndGlobalSection
EndGlobal
