
Microsoft Visual Studio Solution File, Format Version 11.00
# Visual Studio 2010
Project("{8BC9CEB8-8B4A-11D0-8D11-00A0C91BC942}") = "Cau_7", "Cau_7\Cau_7.vcxproj", "{71CC1EDF-75DB-475B-A891-8E37A33783E6}"
EndProject
Global
	GlobalSection(SolutionConfigurationPlatforms) = preSolution
		Debug|Win32 = Debug|Win32
		Release|Win32 = Release|Win32
	EndGlobalSection
	GlobalSection(ProjectConfigurationPlatforms) = postSolution
		{71CC1EDF-75DB-475B-A891-8E37A33783E6}.Debug|Win32.ActiveCfg = Debug|Win32
		{71CC1EDF-75DB-475B-A891-8E37A33783E6}.Debug|Win32.Build.0 = Debug|Win32
		{71CC1EDF-75DB-475B-A891-8E37A33783E6}.Release|Win32.ActiveCfg = Release|Win32
		{71CC1EDF-75DB-475B-A891-8E37A33783E6}.Release|Win32.Build.0 = Release|Win32
	EndGlobalSection
	GlobalSection(SolutionProperties) = preSolution
		HideSolutionNode = FALSE
	EndGlobalSection
EndGlobal
