
Microsoft Visual Studio Solution File, Format Version 11.00
# Visual Studio 2010
Project("{FAE04EC0-301F-11D3-BF4B-00C04F79EFBC}") = "GetGraphics", "GetGraphics\GetGraphics.csproj", "{10C86E7D-2EE7-4F93-9D8B-777C32388A80}"
EndProject
Project("{FAE04EC0-301F-11D3-BF4B-00C04F79EFBC}") = "Draw", "Draw\Draw.csproj", "{3E72F976-4F08-4EF3-B29D-1D8B7412AF69}"
EndProject
Project("{FAE04EC0-301F-11D3-BF4B-00C04F79EFBC}") = "Fill", "Fill\Fill.csproj", "{75733727-5A2C-4738-90BB-A3559EAEE124}"
EndProject
Project("{FAE04EC0-301F-11D3-BF4B-00C04F79EFBC}") = "Brush", "Brush\Brush.csproj", "{D1966279-A33D-4FCC-9027-5A1D6FA9FA9A}"
EndProject
Project("{FAE04EC0-301F-11D3-BF4B-00C04F79EFBC}") = "PenEx", "PenEx\PenEx.csproj", "{B4CAF225-5313-4F19-A0E6-AC6DC0324190}"
EndProject
Project("{FAE04EC0-301F-11D3-BF4B-00C04F79EFBC}") = "ViDuRegion", "ViDuRegion\ViDuRegion.csproj", "{EB82BAE8-914F-4013-AC54-5AAE444057C6}"
EndProject
Project("{FAE04EC0-301F-11D3-BF4B-00C04F79EFBC}") = "ViDuClipping", "ViDuClipping\ViDuClipping.csproj", "{36BE1515-6CD6-41E1-A07D-38311A3B8E5B}"
EndProject
Project("{FAE04EC0-301F-11D3-BF4B-00C04F79EFBC}") = "ViDuImage", "ViDuImage\ViDuImage.csproj", "{CD305870-244D-4C54-B9AA-462F859602AF}"
EndProject
Project("{FAE04EC0-301F-11D3-BF4B-00C04F79EFBC}") = "ViDuBitmap", "ViDuBitmap\ViDuBitmap.csproj", "{EA551052-7463-46A8-A8AB-C049A417C15C}"
EndProject
Project("{FAE04EC0-301F-11D3-BF4B-00C04F79EFBC}") = "Animation", "Animation\Animation.csproj", "{1D3D737D-BF60-4899-B81C-338BA410CED2}"
EndProject
Project("{FAE04EC0-301F-11D3-BF4B-00C04F79EFBC}") = "DoubleBuffer", "DoubleBuffer\DoubleBuffer.csproj", "{1F726A86-AD17-4243-AEF3-BE0FD566066E}"
EndProject
Project("{FAE04EC0-301F-11D3-BF4B-00C04F79EFBC}") = "DoubleBuffer 2", "DoubleBuffer 2\DoubleBuffer 2.csproj", "{91C868B8-B1A2-48F3-B671-06D5B66C7B48}"
EndProject
Project("{FAE04EC0-301F-11D3-BF4B-00C04F79EFBC}") = "SpriteEx", "SpriteEx\SpriteEx.csproj", "{C222FD6A-23E4-4C4F-BD30-83302B3E8057}"
EndProject
Project("{FAE04EC0-301F-11D3-BF4B-00C04F79EFBC}") = "Sound", "Sound\Sound.csproj", "{00F30D6B-BEF8-4ED8-92DD-59247FB56644}"
EndProject
Project("{FAE04EC0-301F-11D3-BF4B-00C04F79EFBC}") = "Sound 2", "Sound 2\Sound 2.csproj", "{DB7A1E08-1733-4A78-9A7E-A46A1F3C23F2}"
EndProject
Project("{FAE04EC0-301F-11D3-BF4B-00C04F79EFBC}") = "ShowColors", "ShowColors\ShowColors.csproj", "{EA1AE825-04FB-4A94-ACFC-A1B022FA880A}"
EndProject
Project("{FAE04EC0-301F-11D3-BF4B-00C04F79EFBC}") = "ShowLineCaps", "ShowLineCaps\ShowLineCaps.csproj", "{175CD2E6-FA3E-4E18-8ED5-E13E4CE4A4C0}"
EndProject
Project("{FAE04EC0-301F-11D3-BF4B-00C04F79EFBC}") = "ShowDashCaps", "ShowDashCaps\ShowDashCaps.csproj", "{A38F555D-B4E1-4BF6-9503-B304B05ABE86}"
EndProject
Project("{FAE04EC0-301F-11D3-BF4B-00C04F79EFBC}") = "ShowDashStyles", "ShowDashStyles\ShowDashStyles.csproj", "{0E54CCEB-563F-4D11-857F-3C1CBE6FCD1C}"
EndProject
Global
	GlobalSection(SolutionConfigurationPlatforms) = preSolution
		Debug|x86 = Debug|x86
		Release|x86 = Release|x86
	EndGlobalSection
	GlobalSection(ProjectConfigurationPlatforms) = postSolution
		{10C86E7D-2EE7-4F93-9D8B-777C32388A80}.Debug|x86.ActiveCfg = Debug|x86
		{10C86E7D-2EE7-4F93-9D8B-777C32388A80}.Debug|x86.Build.0 = Debug|x86
		{10C86E7D-2EE7-4F93-9D8B-777C32388A80}.Release|x86.ActiveCfg = Release|x86
		{10C86E7D-2EE7-4F93-9D8B-777C32388A80}.Release|x86.Build.0 = Release|x86
		{3E72F976-4F08-4EF3-B29D-1D8B7412AF69}.Debug|x86.ActiveCfg = Debug|x86
		{3E72F976-4F08-4EF3-B29D-1D8B7412AF69}.Debug|x86.Build.0 = Debug|x86
		{3E72F976-4F08-4EF3-B29D-1D8B7412AF69}.Release|x86.ActiveCfg = Release|x86
		{3E72F976-4F08-4EF3-B29D-1D8B7412AF69}.Release|x86.Build.0 = Release|x86
		{75733727-5A2C-4738-90BB-A3559EAEE124}.Debug|x86.ActiveCfg = Debug|x86
		{75733727-5A2C-4738-90BB-A3559EAEE124}.Debug|x86.Build.0 = Debug|x86
		{75733727-5A2C-4738-90BB-A3559EAEE124}.Release|x86.ActiveCfg = Release|x86
		{75733727-5A2C-4738-90BB-A3559EAEE124}.Release|x86.Build.0 = Release|x86
		{D1966279-A33D-4FCC-9027-5A1D6FA9FA9A}.Debug|x86.ActiveCfg = Debug|x86
		{D1966279-A33D-4FCC-9027-5A1D6FA9FA9A}.Debug|x86.Build.0 = Debug|x86
		{D1966279-A33D-4FCC-9027-5A1D6FA9FA9A}.Release|x86.ActiveCfg = Release|x86
		{D1966279-A33D-4FCC-9027-5A1D6FA9FA9A}.Release|x86.Build.0 = Release|x86
		{B4CAF225-5313-4F19-A0E6-AC6DC0324190}.Debug|x86.ActiveCfg = Debug|x86
		{B4CAF225-5313-4F19-A0E6-AC6DC0324190}.Debug|x86.Build.0 = Debug|x86
		{B4CAF225-5313-4F19-A0E6-AC6DC0324190}.Release|x86.ActiveCfg = Release|x86
		{B4CAF225-5313-4F19-A0E6-AC6DC0324190}.Release|x86.Build.0 = Release|x86
		{EB82BAE8-914F-4013-AC54-5AAE444057C6}.Debug|x86.ActiveCfg = Debug|x86
		{EB82BAE8-914F-4013-AC54-5AAE444057C6}.Debug|x86.Build.0 = Debug|x86
		{EB82BAE8-914F-4013-AC54-5AAE444057C6}.Release|x86.ActiveCfg = Release|x86
		{EB82BAE8-914F-4013-AC54-5AAE444057C6}.Release|x86.Build.0 = Release|x86
		{36BE1515-6CD6-41E1-A07D-38311A3B8E5B}.Debug|x86.ActiveCfg = Debug|x86
		{36BE1515-6CD6-41E1-A07D-38311A3B8E5B}.Debug|x86.Build.0 = Debug|x86
		{36BE1515-6CD6-41E1-A07D-38311A3B8E5B}.Release|x86.ActiveCfg = Release|x86
		{36BE1515-6CD6-41E1-A07D-38311A3B8E5B}.Release|x86.Build.0 = Release|x86
		{CD305870-244D-4C54-B9AA-462F859602AF}.Debug|x86.ActiveCfg = Debug|x86
		{CD305870-244D-4C54-B9AA-462F859602AF}.Debug|x86.Build.0 = Debug|x86
		{CD305870-244D-4C54-B9AA-462F859602AF}.Release|x86.ActiveCfg = Release|x86
		{CD305870-244D-4C54-B9AA-462F859602AF}.Release|x86.Build.0 = Release|x86
		{EA551052-7463-46A8-A8AB-C049A417C15C}.Debug|x86.ActiveCfg = Debug|x86
		{EA551052-7463-46A8-A8AB-C049A417C15C}.Debug|x86.Build.0 = Debug|x86
		{EA551052-7463-46A8-A8AB-C049A417C15C}.Release|x86.ActiveCfg = Release|x86
		{EA551052-7463-46A8-A8AB-C049A417C15C}.Release|x86.Build.0 = Release|x86
		{1D3D737D-BF60-4899-B81C-338BA410CED2}.Debug|x86.ActiveCfg = Debug|x86
		{1D3D737D-BF60-4899-B81C-338BA410CED2}.Debug|x86.Build.0 = Debug|x86
		{1D3D737D-BF60-4899-B81C-338BA410CED2}.Release|x86.ActiveCfg = Release|x86
		{1D3D737D-BF60-4899-B81C-338BA410CED2}.Release|x86.Build.0 = Release|x86
		{1F726A86-AD17-4243-AEF3-BE0FD566066E}.Debug|x86.ActiveCfg = Debug|x86
		{1F726A86-AD17-4243-AEF3-BE0FD566066E}.Debug|x86.Build.0 = Debug|x86
		{1F726A86-AD17-4243-AEF3-BE0FD566066E}.Release|x86.ActiveCfg = Release|x86
		{1F726A86-AD17-4243-AEF3-BE0FD566066E}.Release|x86.Build.0 = Release|x86
		{91C868B8-B1A2-48F3-B671-06D5B66C7B48}.Debug|x86.ActiveCfg = Debug|x86
		{91C868B8-B1A2-48F3-B671-06D5B66C7B48}.Debug|x86.Build.0 = Debug|x86
		{91C868B8-B1A2-48F3-B671-06D5B66C7B48}.Release|x86.ActiveCfg = Release|x86
		{91C868B8-B1A2-48F3-B671-06D5B66C7B48}.Release|x86.Build.0 = Release|x86
		{C222FD6A-23E4-4C4F-BD30-83302B3E8057}.Debug|x86.ActiveCfg = Debug|x86
		{C222FD6A-23E4-4C4F-BD30-83302B3E8057}.Debug|x86.Build.0 = Debug|x86
		{C222FD6A-23E4-4C4F-BD30-83302B3E8057}.Release|x86.ActiveCfg = Release|x86
		{C222FD6A-23E4-4C4F-BD30-83302B3E8057}.Release|x86.Build.0 = Release|x86
		{00F30D6B-BEF8-4ED8-92DD-59247FB56644}.Debug|x86.ActiveCfg = Debug|x86
		{00F30D6B-BEF8-4ED8-92DD-59247FB56644}.Debug|x86.Build.0 = Debug|x86
		{00F30D6B-BEF8-4ED8-92DD-59247FB56644}.Release|x86.ActiveCfg = Release|x86
		{00F30D6B-BEF8-4ED8-92DD-59247FB56644}.Release|x86.Build.0 = Release|x86
		{DB7A1E08-1733-4A78-9A7E-A46A1F3C23F2}.Debug|x86.ActiveCfg = Debug|x86
		{DB7A1E08-1733-4A78-9A7E-A46A1F3C23F2}.Debug|x86.Build.0 = Debug|x86
		{DB7A1E08-1733-4A78-9A7E-A46A1F3C23F2}.Release|x86.ActiveCfg = Release|x86
		{DB7A1E08-1733-4A78-9A7E-A46A1F3C23F2}.Release|x86.Build.0 = Release|x86
		{EA1AE825-04FB-4A94-ACFC-A1B022FA880A}.Debug|x86.ActiveCfg = Debug|x86
		{EA1AE825-04FB-4A94-ACFC-A1B022FA880A}.Debug|x86.Build.0 = Debug|x86
		{EA1AE825-04FB-4A94-ACFC-A1B022FA880A}.Release|x86.ActiveCfg = Release|x86
		{EA1AE825-04FB-4A94-ACFC-A1B022FA880A}.Release|x86.Build.0 = Release|x86
		{175CD2E6-FA3E-4E18-8ED5-E13E4CE4A4C0}.Debug|x86.ActiveCfg = Debug|x86
		{175CD2E6-FA3E-4E18-8ED5-E13E4CE4A4C0}.Debug|x86.Build.0 = Debug|x86
		{175CD2E6-FA3E-4E18-8ED5-E13E4CE4A4C0}.Release|x86.ActiveCfg = Release|x86
		{175CD2E6-FA3E-4E18-8ED5-E13E4CE4A4C0}.Release|x86.Build.0 = Release|x86
		{A38F555D-B4E1-4BF6-9503-B304B05ABE86}.Debug|x86.ActiveCfg = Debug|x86
		{A38F555D-B4E1-4BF6-9503-B304B05ABE86}.Debug|x86.Build.0 = Debug|x86
		{A38F555D-B4E1-4BF6-9503-B304B05ABE86}.Release|x86.ActiveCfg = Release|x86
		{A38F555D-B4E1-4BF6-9503-B304B05ABE86}.Release|x86.Build.0 = Release|x86
		{0E54CCEB-563F-4D11-857F-3C1CBE6FCD1C}.Debug|x86.ActiveCfg = Debug|x86
		{0E54CCEB-563F-4D11-857F-3C1CBE6FCD1C}.Debug|x86.Build.0 = Debug|x86
		{0E54CCEB-563F-4D11-857F-3C1CBE6FCD1C}.Release|x86.ActiveCfg = Release|x86
		{0E54CCEB-563F-4D11-857F-3C1CBE6FCD1C}.Release|x86.Build.0 = Release|x86
	EndGlobalSection
	GlobalSection(SolutionProperties) = preSolution
		HideSolutionNode = FALSE
	EndGlobalSection
EndGlobal
