
Microsoft Visual Studio Solution File, Format Version 11.00
# Visual Studio 2010
Project("{8BC9CEB8-8B4A-11D0-8D11-00A0C91BC942}") = "Cau_12", "Cau_12\Cau_12.vcxproj", "{243546FA-5E4C-41A5-B7ED-E5036422070C}"
EndProject
Global
	GlobalSection(SolutionConfigurationPlatforms) = preSolution
		Debug|Win32 = Debug|Win32
		Release|Win32 = Release|Win32
	EndGlobalSection
	GlobalSection(ProjectConfigurationPlatforms) = postSolution
		{243546FA-5E4C-41A5-B7ED-E5036422070C}.Debug|Win32.ActiveCfg = Debug|Win32
		{243546FA-5E4C-41A5-B7ED-E5036422070C}.Debug|Win32.Build.0 = Debug|Win32
		{243546FA-5E4C-41A5-B7ED-E5036422070C}.Release|Win32.ActiveCfg = Release|Win32
		{243546FA-5E4C-41A5-B7ED-E5036422070C}.Release|Win32.Build.0 = Release|Win32
	EndGlobalSection
	GlobalSection(SolutionProperties) = preSolution
		HideSolutionNode = FALSE
	EndGlobalSection
EndGlobal
